PODS:
  - AFNetworking (3.1.0):
    - AFNetworking/NSURLSession (= 3.1.0)
    - AFNetworking/Reachability (= 3.1.0)
    - AFNetworking/Security (= 3.1.0)
    - AFNetworking/Serialization (= 3.1.0)
    - AFNetworking/UIKit (= 3.1.0)
  - AFNetworking/NSURLSession (3.1.0):
    - AFNetworking/Reachability
    - AFNetworking/Security
    - AFNetworking/Serialization
  - AFNetworking/Reachability (3.1.0)
  - AFNetworking/Security (3.1.0)
  - AFNetworking/Serialization (3.1.0)
  - AFNetworking/UIKit (3.1.0):
    - AFNetworking/NSURLSession
  - AlgoliaSearch-Offline-Swift (3.2.1):
    - AlgoliaSearchOfflineCore-iOS (= 0.1)
  - AlgoliaSearchOfflineCore-iOS (0.1)
  - Reachability (3.2)
  - SwiftyJSON (2.3.2)

DEPENDENCIES:
  - AFNetworking (~> 3.0)
  - AlgoliaSearch-Offline-Swift (~> 3.2)
  - Reachability (~> 3.2)
  - SwiftyJSON (~> 2.3)

SPEC CHECKSUMS:
  AFNetworking: 5e0e199f73d8626b11e79750991f5d173d1f8b67
  AlgoliaSearch-Offline-Swift: fab0be2e46190bc78f51b9fcc0536c4141a76c8f
  AlgoliaSearchOfflineCore-iOS: 5fe8c370b7f83ab685beda71ce29c4af1847cff4
  Reachability: 33e18b67625424e47b6cde6d202dce689ad7af96
  SwiftyJSON: 04ccea08915aa0109039157c7974cf0298da292a

PODFILE CHECKSUM: 21aed422a3037d2ae0fa835768d104f90b8882b3

COCOAPODS: 1.0.0
