// !$*UTF8*$!
{
	archiveVersion = 1;
	classes = {
	};
	objectVersion = 46;
	objects = {

/* Begin PBXBuildFile section */
		5D44D0031B35F7B3008369AC /* AppDelegate.swift in Sources */ = {isa = PBXBuildFile; fileRef = 5D44D0021B35F7B3008369AC /* AppDelegate.swift */; };
		5D44D0081B35F7B3008369AC /* Main.storyboard in Resources */ = {isa = PBXBuildFile; fileRef = 5D44D0061B35F7B3008369AC /* Main.storyboard */; };
		5D44D00A1B35F7B3008369AC /* Images.xcassets in Resources */ = {isa = PBXBuildFile; fileRef = 5D44D0091B35F7B3008369AC /* Images.xcassets */; };
		5D44D00D1B35F7B3008369AC /* LaunchScreen.xib in Resources */ = {isa = PBXBuildFile; fileRef = 5D44D00B1B35F7B3008369AC /* LaunchScreen.xib */; };
		5D44D0191B35F7B3008369AC /* MoviesSearchTests.swift in Sources */ = {isa = PBXBuildFile; fileRef = 5D44D0181B35F7B3008369AC /* MoviesSearchTests.swift */; };
		5D44D0231B35F87B008369AC /* MoviesTableViewController.swift in Sources */ = {isa = PBXBuildFile; fileRef = 5D44D0221B35F87B008369AC /* MoviesTableViewController.swift */; };
		5D44D0251B3601E8008369AC /* MovieRecord.swift in Sources */ = {isa = PBXBuildFile; fileRef = 5D44D0241B3601E8008369AC /* MovieRecord.swift */; };
		5D9EB6AE1B3C3DC100BA6737 /* Helpers.swift in Sources */ = {isa = PBXBuildFile; fileRef = 5D9EB6AD1B3C3DC100BA6737 /* Helpers.swift */; };
		BC3FF4B51CEF0DF6005CCC78 /* AlgoliaManager.swift in Sources */ = {isa = PBXBuildFile; fileRef = BC3FF4B41CEF0DF6005CCC78 /* AlgoliaManager.swift */; };
		BC3FF4B71CEF1299005CCC78 /* SearchHelper.swift in Sources */ = {isa = PBXBuildFile; fileRef = BC3FF4B61CEF1299005CCC78 /* SearchHelper.swift */; };
		BC3FF4B91CEF1526005CCC78 /* MovieCell.swift in Sources */ = {isa = PBXBuildFile; fileRef = BC3FF4B81CEF1526005CCC78 /* MovieCell.swift */; };
		BC3FF4BD1CEF4759005CCC78 /* ActorCell.swift in Sources */ = {isa = PBXBuildFile; fileRef = BC3FF4BC1CEF4759005CCC78 /* ActorCell.swift */; };
		BC3FF4BF1CEF4788005CCC78 /* Actor.swift in Sources */ = {isa = PBXBuildFile; fileRef = BC3FF4BE1CEF4788005CCC78 /* Actor.swift */; };
		BC6632AD1D256C7100A694BF /* SearchResults.swift in Sources */ = {isa = PBXBuildFile; fileRef = BC6632AC1D256C7100A694BF /* SearchResults.swift */; };
		BC7F2DCC1D00506C00C1B93F /* HighlightHelper.swift in Sources */ = {isa = PBXBuildFile; fileRef = BC7F2DCB1D00506C00C1B93F /* HighlightHelper.swift */; };
		BC7F2DCE1D00513200C1B93F /* JSONHelper.swift in Sources */ = {isa = PBXBuildFile; fileRef = BC7F2DCD1D00513200C1B93F /* JSONHelper.swift */; };
		BCA4DA641CEDFCBB00E16ACA /* Main_iPad.storyboard in Resources */ = {isa = PBXBuildFile; fileRef = BCA4DA621CEDFCBB00E16ACA /* Main_iPad.storyboard */; };
		BCA4DA671CEDFE0300E16ACA /* MoviesIpadViewController.swift in Sources */ = {isa = PBXBuildFile; fileRef = BCA4DA651CEDFE0300E16ACA /* MoviesIpadViewController.swift */; };
		BCD754E91CF452EC006A05F1 /* GenreCell.swift in Sources */ = {isa = PBXBuildFile; fileRef = BCD754E81CF452EC006A05F1 /* GenreCell.swift */; };
		BCD754EB1CF45C1A006A05F1 /* QueryHelper.swift in Sources */ = {isa = PBXBuildFile; fileRef = BCD754EA1CF45C1A006A05F1 /* QueryHelper.swift */; };
		BCD754ED1CF47E39006A05F1 /* star-yellow@4x.png in Resources */ = {isa = PBXBuildFile; fileRef = BCD754EC1CF47E39006A05F1 /* star-yellow@4x.png */; };
		BCD754F21CF47EB6006A05F1 /* star-yellow.png in Resources */ = {isa = PBXBuildFile; fileRef = BCD754EF1CF47EB6006A05F1 /* star-yellow.png */; };
		BCD754F31CF47EB6006A05F1 /* star-yellow@2x.png in Resources */ = {isa = PBXBuildFile; fileRef = BCD754F01CF47EB6006A05F1 /* star-yellow@2x.png */; };
		BCD754F41CF47EB6006A05F1 /* star-yellow@3x.png in Resources */ = {isa = PBXBuildFile; fileRef = BCD754F11CF47EB6006A05F1 /* star-yellow@3x.png */; };
		BCD754F91CF4801C006A05F1 /* star-gray.png in Resources */ = {isa = PBXBuildFile; fileRef = BCD754F51CF4801C006A05F1 /* star-gray.png */; };
		BCD754FA1CF4801C006A05F1 /* star-gray@2x.png in Resources */ = {isa = PBXBuildFile; fileRef = BCD754F61CF4801C006A05F1 /* star-gray@2x.png */; };
		BCD754FB1CF4801C006A05F1 /* star-gray@3x.png in Resources */ = {isa = PBXBuildFile; fileRef = BCD754F71CF4801C006A05F1 /* star-gray@3x.png */; };
		BCD754FC1CF4801C006A05F1 /* star-gray@4x.png in Resources */ = {isa = PBXBuildFile; fileRef = BCD754F81CF4801C006A05F1 /* star-gray@4x.png */; };
		BCD755021CF48168006A05F1 /* RatingSelectorView.swift in Sources */ = {isa = PBXBuildFile; fileRef = BCD755011CF48168006A05F1 /* RatingSelectorView.swift */; };
		BCE9A13A1CFC8A6000BF767D /* placeholder.png in Resources */ = {isa = PBXBuildFile; fileRef = BCE9A1391CFC8A6000BF767D /* placeholder.png */; };
		EB936E676EA3ABB6FF43A252 /* Pods_MoviesSearch.framework in Frameworks */ = {isa = PBXBuildFile; fileRef = A2FF6DC00013B2F8CAAFA113 /* Pods_MoviesSearch.framework */; };
/* End PBXBuildFile section */

/* Begin PBXContainerItemProxy section */
		5D44D0131B35F7B3008369AC /* PBXContainerItemProxy */ = {
			isa = PBXContainerItemProxy;
			containerPortal = 5D44CFF51B35F7B3008369AC /* Project object */;
			proxyType = 1;
			remoteGlobalIDString = 5D44CFFC1B35F7B3008369AC;
			remoteInfo = MoviesSearch;
		};
/* End PBXContainerItemProxy section */

/* Begin PBXFileReference section */
		34639E34A7893E96B09FF12B /* Pods.release.xcconfig */ = {isa = PBXFileReference; includeInIndex = 1; lastKnownFileType = text.xcconfig; name = Pods.release.xcconfig; path = "Pods/Target Support Files/Pods/Pods.release.xcconfig"; sourceTree = "<group>"; };
		358F9F4813A5847C2F3EBD96 /* Pods-MoviesSearch.release.xcconfig */ = {isa = PBXFileReference; includeInIndex = 1; lastKnownFileType = text.xcconfig; name = "Pods-MoviesSearch.release.xcconfig"; path = "Pods/Target Support Files/Pods-MoviesSearch/Pods-MoviesSearch.release.xcconfig"; sourceTree = "<group>"; };
		5D44CFFD1B35F7B3008369AC /* MoviesSearch.app */ = {isa = PBXFileReference; explicitFileType = wrapper.application; includeInIndex = 0; path = MoviesSearch.app; sourceTree = BUILT_PRODUCTS_DIR; };
		5D44D0011B35F7B3008369AC /* Info.plist */ = {isa = PBXFileReference; lastKnownFileType = text.plist.xml; path = Info.plist; sourceTree = "<group>"; };
		5D44D0021B35F7B3008369AC /* AppDelegate.swift */ = {isa = PBXFileReference; lastKnownFileType = sourcecode.swift; path = AppDelegate.swift; sourceTree = "<group>"; };
		5D44D0071B35F7B3008369AC /* Base */ = {isa = PBXFileReference; lastKnownFileType = file.storyboard; name = Base; path = Base.lproj/Main.storyboard; sourceTree = "<group>"; };
		5D44D0091B35F7B3008369AC /* Images.xcassets */ = {isa = PBXFileReference; lastKnownFileType = folder.assetcatalog; path = Images.xcassets; sourceTree = "<group>"; };
		5D44D00C1B35F7B3008369AC /* Base */ = {isa = PBXFileReference; lastKnownFileType = file.xib; name = Base; path = Base.lproj/LaunchScreen.xib; sourceTree = "<group>"; };
		5D44D0121B35F7B3008369AC /* MoviesSearchTests.xctest */ = {isa = PBXFileReference; explicitFileType = wrapper.cfbundle; includeInIndex = 0; path = MoviesSearchTests.xctest; sourceTree = BUILT_PRODUCTS_DIR; };
		5D44D0171B35F7B3008369AC /* Info.plist */ = {isa = PBXFileReference; lastKnownFileType = text.plist.xml; path = Info.plist; sourceTree = "<group>"; };
		5D44D0181B35F7B3008369AC /* MoviesSearchTests.swift */ = {isa = PBXFileReference; lastKnownFileType = sourcecode.swift; path = MoviesSearchTests.swift; sourceTree = "<group>"; };
		5D44D0221B35F87B008369AC /* MoviesTableViewController.swift */ = {isa = PBXFileReference; fileEncoding = 4; lastKnownFileType = sourcecode.swift; path = MoviesTableViewController.swift; sourceTree = "<group>"; };
		5D44D0241B3601E8008369AC /* MovieRecord.swift */ = {isa = PBXFileReference; fileEncoding = 4; lastKnownFileType = sourcecode.swift; path = MovieRecord.swift; sourceTree = "<group>"; };
		5D9EB6AD1B3C3DC100BA6737 /* Helpers.swift */ = {isa = PBXFileReference; fileEncoding = 4; lastKnownFileType = sourcecode.swift; path = Helpers.swift; sourceTree = "<group>"; };
		7FFA3B79BEC9E5676A9669C8 /* Pods-MoviesSearch.debug.xcconfig */ = {isa = PBXFileReference; includeInIndex = 1; lastKnownFileType = text.xcconfig; name = "Pods-MoviesSearch.debug.xcconfig"; path = "Pods/Target Support Files/Pods-MoviesSearch/Pods-MoviesSearch.debug.xcconfig"; sourceTree = "<group>"; };
		9BEC1C17860BAEDA209DB025 /* Pods.debug.xcconfig */ = {isa = PBXFileReference; includeInIndex = 1; lastKnownFileType = text.xcconfig; name = Pods.debug.xcconfig; path = "Pods/Target Support Files/Pods/Pods.debug.xcconfig"; sourceTree = "<group>"; };
		A2FF6DC00013B2F8CAAFA113 /* Pods_MoviesSearch.framework */ = {isa = PBXFileReference; explicitFileType = wrapper.framework; includeInIndex = 0; path = Pods_MoviesSearch.framework; sourceTree = BUILT_PRODUCTS_DIR; };
		BC3FF4B41CEF0DF6005CCC78 /* AlgoliaManager.swift */ = {isa = PBXFileReference; fileEncoding = 4; lastKnownFileType = sourcecode.swift; path = AlgoliaManager.swift; sourceTree = "<group>"; };
		BC3FF4B61CEF1299005CCC78 /* SearchHelper.swift */ = {isa = PBXFileReference; fileEncoding = 4; lastKnownFileType = sourcecode.swift; path = SearchHelper.swift; sourceTree = "<group>"; };
		BC3FF4B81CEF1526005CCC78 /* MovieCell.swift */ = {isa = PBXFileReference; fileEncoding = 4; lastKnownFileType = sourcecode.swift; path = MovieCell.swift; sourceTree = "<group>"; };
		BC3FF4BC1CEF4759005CCC78 /* ActorCell.swift */ = {isa = PBXFileReference; fileEncoding = 4; lastKnownFileType = sourcecode.swift; path = ActorCell.swift; sourceTree = "<group>"; };
		BC3FF4BE1CEF4788005CCC78 /* Actor.swift */ = {isa = PBXFileReference; fileEncoding = 4; lastKnownFileType = sourcecode.swift; path = Actor.swift; sourceTree = "<group>"; };
		BC6632AC1D256C7100A694BF /* SearchResults.swift */ = {isa = PBXFileReference; fileEncoding = 4; lastKnownFileType = sourcecode.swift; lineEnding = 0; path = SearchResults.swift; sourceTree = "<group>"; xcLanguageSpecificationIdentifier = xcode.lang.swift; };
		BC7F2DCB1D00506C00C1B93F /* HighlightHelper.swift */ = {isa = PBXFileReference; fileEncoding = 4; lastKnownFileType = sourcecode.swift; path = HighlightHelper.swift; sourceTree = "<group>"; };
		BC7F2DCD1D00513200C1B93F /* JSONHelper.swift */ = {isa = PBXFileReference; fileEncoding = 4; lastKnownFileType = sourcecode.swift; name = JSONHelper.swift; path = ../JSONHelper.swift; sourceTree = "<group>"; };
		BCA4DA631CEDFCBB00E16ACA /* Base */ = {isa = PBXFileReference; lastKnownFileType = file.storyboard; name = Base; path = Base.lproj/Main_iPad.storyboard; sourceTree = "<group>"; };
		BCA4DA651CEDFE0300E16ACA /* MoviesIpadViewController.swift */ = {isa = PBXFileReference; fileEncoding = 4; lastKnownFileType = sourcecode.swift; lineEnding = 0; path = MoviesIpadViewController.swift; sourceTree = "<group>"; xcLanguageSpecificationIdentifier = xcode.lang.swift; };
		BCD754E81CF452EC006A05F1 /* GenreCell.swift */ = {isa = PBXFileReference; fileEncoding = 4; lastKnownFileType = sourcecode.swift; path = GenreCell.swift; sourceTree = "<group>"; };
		BCD754EA1CF45C1A006A05F1 /* QueryHelper.swift */ = {isa = PBXFileReference; fileEncoding = 4; lastKnownFileType = sourcecode.swift; lineEnding = 0; path = QueryHelper.swift; sourceTree = "<group>"; xcLanguageSpecificationIdentifier = xcode.lang.swift; };
		BCD754EC1CF47E39006A05F1 /* star-yellow@4x.png */ = {isa = PBXFileReference; lastKnownFileType = image.png; name = "star-yellow@4x.png"; path = "Ressources/star-yellow@4x.png"; sourceTree = SOURCE_ROOT; };
		BCD754EF1CF47EB6006A05F1 /* star-yellow.png */ = {isa = PBXFileReference; lastKnownFileType = image.png; name = "star-yellow.png"; path = "Ressources/star-yellow.png"; sourceTree = "<group>"; };
		BCD754F01CF47EB6006A05F1 /* star-yellow@2x.png */ = {isa = PBXFileReference; lastKnownFileType = image.png; name = "star-yellow@2x.png"; path = "Ressources/star-yellow@2x.png"; sourceTree = "<group>"; };
		BCD754F11CF47EB6006A05F1 /* star-yellow@3x.png */ = {isa = PBXFileReference; lastKnownFileType = image.png; name = "star-yellow@3x.png"; path = "Ressources/star-yellow@3x.png"; sourceTree = "<group>"; };
		BCD754F51CF4801C006A05F1 /* star-gray.png */ = {isa = PBXFileReference; lastKnownFileType = image.png; name = "star-gray.png"; path = "Ressources/star-gray.png"; sourceTree = "<group>"; };
		BCD754F61CF4801C006A05F1 /* star-gray@2x.png */ = {isa = PBXFileReference; lastKnownFileType = image.png; name = "star-gray@2x.png"; path = "Ressources/star-gray@2x.png"; sourceTree = "<group>"; };
		BCD754F71CF4801C006A05F1 /* star-gray@3x.png */ = {isa = PBXFileReference; lastKnownFileType = image.png; name = "star-gray@3x.png"; path = "Ressources/star-gray@3x.png"; sourceTree = "<group>"; };
		BCD754F81CF4801C006A05F1 /* star-gray@4x.png */ = {isa = PBXFileReference; lastKnownFileType = image.png; name = "star-gray@4x.png"; path = "Ressources/star-gray@4x.png"; sourceTree = "<group>"; };
		BCD755011CF48168006A05F1 /* RatingSelectorView.swift */ = {isa = PBXFileReference; fileEncoding = 4; lastKnownFileType = sourcecode.swift; path = RatingSelectorView.swift; sourceTree = "<group>"; };
		BCE9A1391CFC8A6000BF767D /* placeholder.png */ = {isa = PBXFileReference; lastKnownFileType = image.png; name = placeholder.png; path = Ressources/placeholder.png; sourceTree = "<group>"; };
/* End PBXFileReference section */

/* Begin PBXFrameworksBuildPhase section */
		5D44CFFA1B35F7B3008369AC /* Frameworks */ = {
			isa = PBXFrameworksBuildPhase;
			buildActionMask = 2147483647;
			files = (
				EB936E676EA3ABB6FF43A252 /* Pods_MoviesSearch.framework in Frameworks */,
			);
			runOnlyForDeploymentPostprocessing = 0;
		};
		5D44D00F1B35F7B3008369AC /* Frameworks */ = {
			isa = PBXFrameworksBuildPhase;
			buildActionMask = 2147483647;
			files = (
			);
			runOnlyForDeploymentPostprocessing = 0;
		};
/* End PBXFrameworksBuildPhase section */

/* Begin PBXGroup section */
		5D44CFF41B35F7B3008369AC = {
			isa = PBXGroup;
			children = (
				5D44CFFF1B35F7B3008369AC /* Source */,
				BCD754EE1CF47E40006A05F1 /* Resources */,
				5D44D0151B35F7B3008369AC /* Tests */,
				5D44CFFE1B35F7B3008369AC /* Products */,
				6120C880B8039A7CEF4D6A02 /* Pods */,
				C34AD11619D3010C523C954D /* Frameworks */,
			);
			sourceTree = "<group>";
		};
		5D44CFFE1B35F7B3008369AC /* Products */ = {
			isa = PBXGroup;
			children = (
				5D44CFFD1B35F7B3008369AC /* MoviesSearch.app */,
				5D44D0121B35F7B3008369AC /* MoviesSearchTests.xctest */,
			);
			name = Products;
			sourceTree = "<group>";
		};
		5D44CFFF1B35F7B3008369AC /* Source */ = {
			isa = PBXGroup;
			children = (
				5D44D0021B35F7B3008369AC /* AppDelegate.swift */,
				5D44D0221B35F87B008369AC /* MoviesTableViewController.swift */,
				5D44D0241B3601E8008369AC /* MovieRecord.swift */,
				5D9EB6AD1B3C3DC100BA6737 /* Helpers.swift */,
				5D44D0061B35F7B3008369AC /* Main.storyboard */,
				5D44D0091B35F7B3008369AC /* Images.xcassets */,
				5D44D00B1B35F7B3008369AC /* LaunchScreen.xib */,
				5D44D0001B35F7B3008369AC /* Supporting Files */,
				BCA4DA621CEDFCBB00E16ACA /* Main_iPad.storyboard */,
				BCA4DA651CEDFE0300E16ACA /* MoviesIpadViewController.swift */,
				BC3FF4B41CEF0DF6005CCC78 /* AlgoliaManager.swift */,
				BC3FF4B61CEF1299005CCC78 /* SearchHelper.swift */,
				BC3FF4B81CEF1526005CCC78 /* MovieCell.swift */,
				BC3FF4BC1CEF4759005CCC78 /* ActorCell.swift */,
				BC3FF4BE1CEF4788005CCC78 /* Actor.swift */,
				BCD754E81CF452EC006A05F1 /* GenreCell.swift */,
				BCD754EA1CF45C1A006A05F1 /* QueryHelper.swift */,
				BCD755011CF48168006A05F1 /* RatingSelectorView.swift */,
				BC7F2DCB1D00506C00C1B93F /* HighlightHelper.swift */,
				BC7F2DCD1D00513200C1B93F /* JSONHelper.swift */,
				BC6632AC1D256C7100A694BF /* SearchResults.swift */,
			);
			path = Source;
			sourceTree = "<group>";
		};
		5D44D0001B35F7B3008369AC /* Supporting Files */ = {
			isa = PBXGroup;
			children = (
				5D44D0011B35F7B3008369AC /* Info.plist */,
			);
			name = "Supporting Files";
			sourceTree = "<group>";
		};
		5D44D0151B35F7B3008369AC /* Tests */ = {
			isa = PBXGroup;
			children = (
				5D44D0181B35F7B3008369AC /* MoviesSearchTests.swift */,
				5D44D0161B35F7B3008369AC /* Supporting Files */,
			);
			path = Tests;
			sourceTree = "<group>";
		};
		5D44D0161B35F7B3008369AC /* Supporting Files */ = {
			isa = PBXGroup;
			children = (
				5D44D0171B35F7B3008369AC /* Info.plist */,
			);
			name = "Supporting Files";
			sourceTree = "<group>";
		};
		6120C880B8039A7CEF4D6A02 /* Pods */ = {
			isa = PBXGroup;
			children = (
				9BEC1C17860BAEDA209DB025 /* Pods.debug.xcconfig */,
				34639E34A7893E96B09FF12B /* Pods.release.xcconfig */,
				7FFA3B79BEC9E5676A9669C8 /* Pods-MoviesSearch.debug.xcconfig */,
				358F9F4813A5847C2F3EBD96 /* Pods-MoviesSearch.release.xcconfig */,
			);
			name = Pods;
			sourceTree = "<group>";
		};
		BCD754EE1CF47E40006A05F1 /* Resources */ = {
			isa = PBXGroup;
			children = (
				BCE9A1391CFC8A6000BF767D /* placeholder.png */,
				BCD754F51CF4801C006A05F1 /* star-gray.png */,
				BCD754F61CF4801C006A05F1 /* star-gray@2x.png */,
				BCD754F71CF4801C006A05F1 /* star-gray@3x.png */,
				BCD754F81CF4801C006A05F1 /* star-gray@4x.png */,
				BCD754EF1CF47EB6006A05F1 /* star-yellow.png */,
				BCD754F01CF47EB6006A05F1 /* star-yellow@2x.png */,
				BCD754F11CF47EB6006A05F1 /* star-yellow@3x.png */,
				BCD754EC1CF47E39006A05F1 /* star-yellow@4x.png */,
			);
			name = Resources;
			sourceTree = "<group>";
		};
		C34AD11619D3010C523C954D /* Frameworks */ = {
			isa = PBXGroup;
			children = (
				A2FF6DC00013B2F8CAAFA113 /* Pods_MoviesSearch.framework */,
			);
			name = Frameworks;
			sourceTree = "<group>";
		};
/* End PBXGroup section */

/* Begin PBXNativeTarget section */
		5D44CFFC1B35F7B3008369AC /* MoviesSearch */ = {
			isa = PBXNativeTarget;
			buildConfigurationList = 5D44D01C1B35F7B3008369AC /* Build configuration list for PBXNativeTarget "MoviesSearch" */;
			buildPhases = (
				073B008BF094C3613460DB4D /* 📦 Check Pods Manifest.lock */,
				5D44CFF91B35F7B3008369AC /* Sources */,
				5D44CFFA1B35F7B3008369AC /* Frameworks */,
				5D44CFFB1B35F7B3008369AC /* Resources */,
				27819121FF8995793C4CFEA3 /* 📦 Embed Pods Frameworks */,
				1F35BD3D3B964F386A6FCA62 /* 📦 Copy Pods Resources */,
			);
			buildRules = (
			);
			dependencies = (
			);
			name = MoviesSearch;
			productName = MoviesSearch;
			productReference = 5D44CFFD1B35F7B3008369AC /* MoviesSearch.app */;
			productType = "com.apple.product-type.application";
		};
		5D44D0111B35F7B3008369AC /* MoviesSearchTests */ = {
			isa = PBXNativeTarget;
			buildConfigurationList = 5D44D01F1B35F7B3008369AC /* Build configuration list for PBXNativeTarget "MoviesSearchTests" */;
			buildPhases = (
				5D44D00E1B35F7B3008369AC /* Sources */,
				5D44D00F1B35F7B3008369AC /* Frameworks */,
				5D44D0101B35F7B3008369AC /* Resources */,
			);
			buildRules = (
			);
			dependencies = (
				5D44D0141B35F7B3008369AC /* PBXTargetDependency */,
			);
			name = MoviesSearchTests;
			productName = MoviesSearchTests;
			productReference = 5D44D0121B35F7B3008369AC /* MoviesSearchTests.xctest */;
			productType = "com.apple.product-type.bundle.unit-test";
		};
/* End PBXNativeTarget section */

/* Begin PBXProject section */
		5D44CFF51B35F7B3008369AC /* Project object */ = {
			isa = PBXProject;
			attributes = {
				LastSwiftMigration = 0720;
				LastSwiftUpdateCheck = 0720;
				LastUpgradeCheck = 0630;
				ORGANIZATIONNAME = "Thibault Deutsch";
				TargetAttributes = {
					5D44CFFC1B35F7B3008369AC = {
						CreatedOnToolsVersion = 6.3.2;
					};
					5D44D0111B35F7B3008369AC = {
						CreatedOnToolsVersion = 6.3.2;
						TestTargetID = 5D44CFFC1B35F7B3008369AC;
					};
				};
			};
			buildConfigurationList = 5D44CFF81B35F7B3008369AC /* Build configuration list for PBXProject "MoviesSearch" */;
			compatibilityVersion = "Xcode 3.2";
			developmentRegion = English;
			hasScannedForEncodings = 0;
			knownRegions = (
				en,
				Base,
			);
			mainGroup = 5D44CFF41B35F7B3008369AC;
			productRefGroup = 5D44CFFE1B35F7B3008369AC /* Products */;
			projectDirPath = "";
			projectRoot = "";
			targets = (
				5D44CFFC1B35F7B3008369AC /* MoviesSearch */,
				5D44D0111B35F7B3008369AC /* MoviesSearchTests */,
			);
		};
/* End PBXProject section */

/* Begin PBXResourcesBuildPhase section */
		5D44CFFB1B35F7B3008369AC /* Resources */ = {
			isa = PBXResourcesBuildPhase;
			buildActionMask = 2147483647;
			files = (
				BCD754F31CF47EB6006A05F1 /* star-yellow@2x.png in Resources */,
				BCD754FA1CF4801C006A05F1 /* star-gray@2x.png in Resources */,
				BCD754ED1CF47E39006A05F1 /* star-yellow@4x.png in Resources */,
				BCE9A13A1CFC8A6000BF767D /* placeholder.png in Resources */,
				BCD754FB1CF4801C006A05F1 /* star-gray@3x.png in Resources */,
				BCD754F91CF4801C006A05F1 /* star-gray.png in Resources */,
				BCD754FC1CF4801C006A05F1 /* star-gray@4x.png in Resources */,
				5D44D0081B35F7B3008369AC /* Main.storyboard in Resources */,
				BCD754F41CF47EB6006A05F1 /* star-yellow@3x.png in Resources */,
				BCA4DA641CEDFCBB00E16ACA /* Main_iPad.storyboard in Resources */,
				BCD754F21CF47EB6006A05F1 /* star-yellow.png in Resources */,
				5D44D00D1B35F7B3008369AC /* LaunchScreen.xib in Resources */,
				5D44D00A1B35F7B3008369AC /* Images.xcassets in Resources */,
			);
			runOnlyForDeploymentPostprocessing = 0;
		};
		5D44D0101B35F7B3008369AC /* Resources */ = {
			isa = PBXResourcesBuildPhase;
			buildActionMask = 2147483647;
			files = (
			);
			runOnlyForDeploymentPostprocessing = 0;
		};
/* End PBXResourcesBuildPhase section */

/* Begin PBXShellScriptBuildPhase section */
		073B008BF094C3613460DB4D /* 📦 Check Pods Manifest.lock */ = {
			isa = PBXShellScriptBuildPhase;
			buildActionMask = 2147483647;
			files = (
			);
			inputPaths = (
			);
			name = "📦 Check Pods Manifest.lock";
			outputPaths = (
			);
			runOnlyForDeploymentPostprocessing = 0;
			shellPath = /bin/sh;
			shellScript = "diff \"${PODS_ROOT}/../Podfile.lock\" \"${PODS_ROOT}/Manifest.lock\" > /dev/null\nif [[ $? != 0 ]] ; then\n    cat << EOM\nerror: The sandbox is not in sync with the Podfile.lock. Run 'pod install' or update your CocoaPods installation.\nEOM\n    exit 1\nfi\n";
			showEnvVarsInLog = 0;
		};
		1F35BD3D3B964F386A6FCA62 /* 📦 Copy Pods Resources */ = {
			isa = PBXShellScriptBuildPhase;
			buildActionMask = 2147483647;
			files = (
			);
			inputPaths = (
			);
			name = "📦 Copy Pods Resources";
			outputPaths = (
			);
			runOnlyForDeploymentPostprocessing = 0;
			shellPath = /bin/sh;
			shellScript = "\"${SRCROOT}/Pods/Target Support Files/Pods-MoviesSearch/Pods-MoviesSearch-resources.sh\"\n";
			showEnvVarsInLog = 0;
		};
		27819121FF8995793C4CFEA3 /* 📦 Embed Pods Frameworks */ = {
			isa = PBXShellScriptBuildPhase;
			buildActionMask = 2147483647;
			files = (
			);
			inputPaths = (
			);
			name = "📦 Embed Pods Frameworks";
			outputPaths = (
			);
			runOnlyForDeploymentPostprocessing = 0;
			shellPath = /bin/sh;
			shellScript = "\"${SRCROOT}/Pods/Target Support Files/Pods-MoviesSearch/Pods-MoviesSearch-frameworks.sh\"\n";
			showEnvVarsInLog = 0;
		};
/* End PBXShellScriptBuildPhase section */

/* Begin PBXSourcesBuildPhase section */
		5D44CFF91B35F7B3008369AC /* Sources */ = {
			isa = PBXSourcesBuildPhase;
			buildActionMask = 2147483647;
			files = (
				5D44D0231B35F87B008369AC /* MoviesTableViewController.swift in Sources */,
				BCA4DA671CEDFE0300E16ACA /* MoviesIpadViewController.swift in Sources */,
				BC3FF4BD1CEF4759005CCC78 /* ActorCell.swift in Sources */,
				BC3FF4B91CEF1526005CCC78 /* MovieCell.swift in Sources */,
				5D44D0251B3601E8008369AC /* MovieRecord.swift in Sources */,
				5D44D0031B35F7B3008369AC /* AppDelegate.swift in Sources */,
				BC6632AD1D256C7100A694BF /* SearchResults.swift in Sources */,
				BCD754EB1CF45C1A006A05F1 /* QueryHelper.swift in Sources */,
				5D9EB6AE1B3C3DC100BA6737 /* Helpers.swift in Sources */,
				BC7F2DCC1D00506C00C1B93F /* HighlightHelper.swift in Sources */,
				BC7F2DCE1D00513200C1B93F /* JSONHelper.swift in Sources */,
				BC3FF4B51CEF0DF6005CCC78 /* AlgoliaManager.swift in Sources */,
				BCD754E91CF452EC006A05F1 /* GenreCell.swift in Sources */,
				BC3FF4B71CEF1299005CCC78 /* SearchHelper.swift in Sources */,
				BC3FF4BF1CEF4788005CCC78 /* Actor.swift in Sources */,
				BCD755021CF48168006A05F1 /* RatingSelectorView.swift in Sources */,
			);
			runOnlyForDeploymentPostprocessing = 0;
		};
		5D44D00E1B35F7B3008369AC /* Sources */ = {
			isa = PBXSourcesBuildPhase;
			buildActionMask = 2147483647;
			files = (
				5D44D0191B35F7B3008369AC /* MoviesSearchTests.swift in Sources */,
			);
			runOnlyForDeploymentPostprocessing = 0;
		};
/* End PBXSourcesBuildPhase section */

/* Begin PBXTargetDependency section */
		5D44D0141B35F7B3008369AC /* PBXTargetDependency */ = {
			isa = PBXTargetDependency;
			target = 5D44CFFC1B35F7B3008369AC /* MoviesSearch */;
			targetProxy = 5D44D0131B35F7B3008369AC /* PBXContainerItemProxy */;
		};
/* End PBXTargetDependency section */

/* Begin PBXVariantGroup section */
		5D44D0061B35F7B3008369AC /* Main.storyboard */ = {
			isa = PBXVariantGroup;
			children = (
				5D44D0071B35F7B3008369AC /* Base */,
			);
			name = Main.storyboard;
			sourceTree = "<group>";
		};
		5D44D00B1B35F7B3008369AC /* LaunchScreen.xib */ = {
			isa = PBXVariantGroup;
			children = (
				5D44D00C1B35F7B3008369AC /* Base */,
			);
			name = LaunchScreen.xib;
			sourceTree = "<group>";
		};
		BCA4DA621CEDFCBB00E16ACA /* Main_iPad.storyboard */ = {
			isa = PBXVariantGroup;
			children = (
				BCA4DA631CEDFCBB00E16ACA /* Base */,
			);
			name = Main_iPad.storyboard;
			sourceTree = "<group>";
		};
/* End PBXVariantGroup section */

/* Begin XCBuildConfiguration section */
		5D44D01A1B35F7B3008369AC /* Debug */ = {
			isa = XCBuildConfiguration;
			buildSettings = {
				ALWAYS_SEARCH_USER_PATHS = NO;
				CLANG_CXX_LANGUAGE_STANDARD = "gnu++0x";
				CLANG_CXX_LIBRARY = "libc++";
				CLANG_ENABLE_MODULES = YES;
				CLANG_ENABLE_OBJC_ARC = YES;
				CLANG_WARN_BOOL_CONVERSION = YES;
				CLANG_WARN_CONSTANT_CONVERSION = YES;
				CLANG_WARN_DIRECT_OBJC_ISA_USAGE = YES_ERROR;
				CLANG_WARN_EMPTY_BODY = YES;
				CLANG_WARN_ENUM_CONVERSION = YES;
				CLANG_WARN_INT_CONVERSION = YES;
				CLANG_WARN_OBJC_ROOT_CLASS = YES_ERROR;
				CLANG_WARN_UNREACHABLE_CODE = YES;
				CLANG_WARN__DUPLICATE_METHOD_MATCH = YES;
				"CODE_SIGN_IDENTITY[sdk=iphoneos*]" = "iPhone Developer";
				COPY_PHASE_STRIP = NO;
				DEBUG_INFORMATION_FORMAT = "dwarf-with-dsym";
				ENABLE_BITCODE = NO;
				ENABLE_STRICT_OBJC_MSGSEND = YES;
				ENABLE_TESTABILITY = YES;
				GCC_C_LANGUAGE_STANDARD = gnu99;
				GCC_DYNAMIC_NO_PIC = NO;
				GCC_NO_COMMON_BLOCKS = YES;
				GCC_OPTIMIZATION_LEVEL = 0;
				GCC_PREPROCESSOR_DEFINITIONS = (
					"DEBUG=1",
					"$(inherited)",
				);
				GCC_SYMBOLS_PRIVATE_EXTERN = NO;
				GCC_WARN_64_TO_32_BIT_CONVERSION = YES;
				GCC_WARN_ABOUT_RETURN_TYPE = YES_ERROR;
				GCC_WARN_UNDECLARED_SELECTOR = YES;
				GCC_WARN_UNINITIALIZED_AUTOS = YES_AGGRESSIVE;
				GCC_WARN_UNUSED_FUNCTION = YES;
				GCC_WARN_UNUSED_VARIABLE = YES;
				IPHONEOS_DEPLOYMENT_TARGET = 8.3;
				MTL_ENABLE_DEBUG_INFO = YES;
				ONLY_ACTIVE_ARCH = YES;
				SDKROOT = iphoneos;
				SWIFT_OPTIMIZATION_LEVEL = "-Onone";
			};
			name = Debug;
		};
		5D44D01B1B35F7B3008369AC /* Release */ = {
			isa = XCBuildConfiguration;
			buildSettings = {
				ALWAYS_SEARCH_USER_PATHS = NO;
				CLANG_CXX_LANGUAGE_STANDARD = "gnu++0x";
				CLANG_CXX_LIBRARY = "libc++";
				CLANG_ENABLE_MODULES = YES;
				CLANG_ENABLE_OBJC_ARC = YES;
				CLANG_WARN_BOOL_CONVERSION = YES;
				CLANG_WARN_CONSTANT_CONVERSION = YES;
				CLANG_WARN_DIRECT_OBJC_ISA_USAGE = YES_ERROR;
				CLANG_WARN_EMPTY_BODY = YES;
				CLANG_WARN_ENUM_CONVERSION = YES;
				CLANG_WARN_INT_CONVERSION = YES;
				CLANG_WARN_OBJC_ROOT_CLASS = YES_ERROR;
				CLANG_WARN_UNREACHABLE_CODE = YES;
				CLANG_WARN__DUPLICATE_METHOD_MATCH = YES;
				"CODE_SIGN_IDENTITY[sdk=iphoneos*]" = "iPhone Developer";
				COPY_PHASE_STRIP = NO;
				DEBUG_INFORMATION_FORMAT = "dwarf-with-dsym";
				ENABLE_BITCODE = NO;
				ENABLE_NS_ASSERTIONS = NO;
				ENABLE_STRICT_OBJC_MSGSEND = YES;
				GCC_C_LANGUAGE_STANDARD = gnu99;
				GCC_NO_COMMON_BLOCKS = YES;
				GCC_WARN_64_TO_32_BIT_CONVERSION = YES;
				GCC_WARN_ABOUT_RETURN_TYPE = YES_ERROR;
				GCC_WARN_UNDECLARED_SELECTOR = YES;
				GCC_WARN_UNINITIALIZED_AUTOS = YES_AGGRESSIVE;
				GCC_WARN_UNUSED_FUNCTION = YES;
				GCC_WARN_UNUSED_VARIABLE = YES;
				IPHONEOS_DEPLOYMENT_TARGET = 8.3;
				MTL_ENABLE_DEBUG_INFO = NO;
				SDKROOT = iphoneos;
				VALIDATE_PRODUCT = YES;
			};
			name = Release;
		};
		5D44D01D1B35F7B3008369AC /* Debug */ = {
			isa = XCBuildConfiguration;
			baseConfigurationReference = 7FFA3B79BEC9E5676A9669C8 /* Pods-MoviesSearch.debug.xcconfig */;
			buildSettings = {
				ASSETCATALOG_COMPILER_APPICON_NAME = AppIcon;
				CODE_SIGN_IDENTITY = "iPhone Developer";
				INFOPLIST_FILE = "$(SRCROOT)/Source/Info.plist";
				LD_RUNPATH_SEARCH_PATHS = "$(inherited) @executable_path/Frameworks";
				PRODUCT_BUNDLE_IDENTIFIER = "com.algolia.$(PRODUCT_NAME:rfc1034identifier)";
				PRODUCT_NAME = "$(TARGET_NAME)";
				TARGETED_DEVICE_FAMILY = "1,2";
			};
			name = Debug;
		};
		5D44D01E1B35F7B3008369AC /* Release */ = {
			isa = XCBuildConfiguration;
			baseConfigurationReference = 358F9F4813A5847C2F3EBD96 /* Pods-MoviesSearch.release.xcconfig */;
			buildSettings = {
				ASSETCATALOG_COMPILER_APPICON_NAME = AppIcon;
				CODE_SIGN_IDENTITY = "iPhone Developer";
				INFOPLIST_FILE = "$(SRCROOT)/Source/Info.plist";
				LD_RUNPATH_SEARCH_PATHS = "$(inherited) @executable_path/Frameworks";
				PRODUCT_BUNDLE_IDENTIFIER = "com.algolia.$(PRODUCT_NAME:rfc1034identifier)";
				PRODUCT_NAME = "$(TARGET_NAME)";
				TARGETED_DEVICE_FAMILY = "1,2";
			};
			name = Release;
		};
		5D44D0201B35F7B3008369AC /* Debug */ = {
			isa = XCBuildConfiguration;
			buildSettings = {
				BUNDLE_LOADER = "$(TEST_HOST)";
				FRAMEWORK_SEARCH_PATHS = (
					"$(SDKROOT)/Developer/Library/Frameworks",
					"$(inherited)",
				);
				GCC_PREPROCESSOR_DEFINITIONS = (
					"DEBUG=1",
					"$(inherited)",
				);
				INFOPLIST_FILE = Tests/Info.plist;
				LD_RUNPATH_SEARCH_PATHS = "$(inherited) @executable_path/Frameworks @loader_path/Frameworks";
				PRODUCT_BUNDLE_IDENTIFIER = "com.algolia.$(PRODUCT_NAME:rfc1034identifier)";
				PRODUCT_NAME = "$(TARGET_NAME)";
				TEST_HOST = "$(BUILT_PRODUCTS_DIR)/MoviesSearch.app/MoviesSearch";
			};
			name = Debug;
		};
		5D44D0211B35F7B3008369AC /* Release */ = {
			isa = XCBuildConfiguration;
			buildSettings = {
				BUNDLE_LOADER = "$(TEST_HOST)";
				FRAMEWORK_SEARCH_PATHS = (
					"$(SDKROOT)/Developer/Library/Frameworks",
					"$(inherited)",
				);
				INFOPLIST_FILE = Tests/Info.plist;
				LD_RUNPATH_SEARCH_PATHS = "$(inherited) @executable_path/Frameworks @loader_path/Frameworks";
				PRODUCT_BUNDLE_IDENTIFIER = "com.algolia.$(PRODUCT_NAME:rfc1034identifier)";
				PRODUCT_NAME = "$(TARGET_NAME)";
				TEST_HOST = "$(BUILT_PRODUCTS_DIR)/MoviesSearch.app/MoviesSearch";
			};
			name = Release;
		};
/* End XCBuildConfiguration section */

/* Begin XCConfigurationList section */
		5D44CFF81B35F7B3008369AC /* Build configuration list for PBXProject "MoviesSearch" */ = {
			isa = XCConfigurationList;
			buildConfigurations = (
				5D44D01A1B35F7B3008369AC /* Debug */,
				5D44D01B1B35F7B3008369AC /* Release */,
			);
			defaultConfigurationIsVisible = 0;
			defaultConfigurationName = Release;
		};
		5D44D01C1B35F7B3008369AC /* Build configuration list for PBXNativeTarget "MoviesSearch" */ = {
			isa = XCConfigurationList;
			buildConfigurations = (
				5D44D01D1B35F7B3008369AC /* Debug */,
				5D44D01E1B35F7B3008369AC /* Release */,
			);
			defaultConfigurationIsVisible = 0;
			defaultConfigurationName = Release;
		};
		5D44D01F1B35F7B3008369AC /* Build configuration list for PBXNativeTarget "MoviesSearchTests" */ = {
			isa = XCConfigurationList;
			buildConfigurations = (
				5D44D0201B35F7B3008369AC /* Debug */,
				5D44D0211B35F7B3008369AC /* Release */,
			);
			defaultConfigurationIsVisible = 0;
			defaultConfigurationName = Release;
		};
/* End XCConfigurationList section */
	};
	rootObject = 5D44CFF51B35F7B3008369AC /* Project object */;
}
